// !$*UTF8*$!
{
	archiveVersion = 1;
	classes = {
	};
	objectVersion = 46;
	objects = {

/* Begin PBXBuildFile section */
		2A78A4721E42001400919093 /* RNAdyenCSE.m in Sources */ = {isa = PBXBuildFile; fileRef = 2A78A4711E42001400919093 /* RNAdyenCSE.m */; };
		2A78A4731E42001400919093 /* RNAdyenCSE.h in CopyFiles */ = {isa = PBXBuildFile; fileRef = 2A78A4701E42001400919093 /* RNAdyenCSE.h */; };
		2A78A47A1E4201C500919093 /* libAdyenCSE.a in Frameworks */ = {isa = PBXBuildFile; fileRef = 2A78A4791E4201C500919093 /* libAdyenCSE.a */; };
		C7F21F2C7264905719F8DAC4 /* libPods-RNAdyenCSE.a in Frameworks */ = {isa = PBXBuildFile; fileRef = 7BD21DC46E4824951A28B811 /* libPods-RNAdyenCSE.a */; };
/* End PBXBuildFile section */

/* Begin PBXCopyFilesBuildPhase section */
		2A78A46B1E42001400919093 /* CopyFiles */ = {
			isa = PBXCopyFilesBuildPhase;
			buildActionMask = 2147483647;
			dstPath = "include/$(PRODUCT_NAME)";
			dstSubfolderSpec = 16;
			files = (
				2A78A4731E42001400919093 /* RNAdyenCSE.h in CopyFiles */,
			);
			runOnlyForDeploymentPostprocessing = 0;
		};
/* End PBXCopyFilesBuildPhase section */

/* Begin PBXFileReference section */
		2A78A46D1E42001400919093 /* libRNAdyenCSE.a */ = {isa = PBXFileReference; explicitFileType = archive.ar; includeInIndex = 0; path = libRNAdyenCSE.a; sourceTree = BUILT_PRODUCTS_DIR; };
		2A78A4701E42001400919093 /* RNAdyenCSE.h */ = {isa = PBXFileReference; lastKnownFileType = sourcecode.c.h; path = RNAdyenCSE.h; sourceTree = "<group>"; };
		2A78A4711E42001400919093 /* RNAdyenCSE.m */ = {isa = PBXFileReference; lastKnownFileType = sourcecode.c.objc; path = RNAdyenCSE.m; sourceTree = "<group>"; };
		2A78A4791E4201C500919093 /* libAdyenCSE.a */ = {isa = PBXFileReference; lastKnownFileType = archive.ar; name = libAdyenCSE.a; path = "../../../Library/Developer/Xcode/DerivedData/RNAdyenCSE-cjjjohtrhcgoijfodhpdjakzeimw/Build/Products/Debug-iphonesimulator/AdyenCSE/libAdyenCSE.a"; sourceTree = "<group>"; };
		67D4D0BE5B06E704C56F0762 /* Pods-RNAdyenCSE.debug.xcconfig */ = {isa = PBXFileReference; includeInIndex = 1; lastKnownFileType = text.xcconfig; name = "Pods-RNAdyenCSE.debug.xcconfig"; path = "Pods/Target Support Files/Pods-RNAdyenCSE/Pods-RNAdyenCSE.debug.xcconfig"; sourceTree = "<group>"; };
		7BD21DC46E4824951A28B811 /* libPods-RNAdyenCSE.a */ = {isa = PBXFileReference; explicitFileType = archive.ar; includeInIndex = 0; path = "libPods-RNAdyenCSE.a"; sourceTree = BUILT_PRODUCTS_DIR; };
		D9D056E9FC2A08E9D52C86B1 /* Pods-RNAdyenCSE.release.xcconfig */ = {isa = PBXFileReference; includeInIndex = 1; lastKnownFileType = text.xcconfig; name = "Pods-RNAdyenCSE.release.xcconfig"; path = "Pods/Target Support Files/Pods-RNAdyenCSE/Pods-RNAdyenCSE.release.xcconfig"; sourceTree = "<group>"; };
/* End PBXFileReference section */

/* Begin PBXFrameworksBuildPhase section */
		2A78A46A1E42001400919093 /* Frameworks */ = {
			isa = PBXFrameworksBuildPhase;
			buildActionMask = 2147483647;
			files = (
				2A78A47A1E4201C500919093 /* libAdyenCSE.a in Frameworks */,
				C7F21F2C7264905719F8DAC4 /* libPods-RNAdyenCSE.a in Frameworks */,
			);
			runOnlyForDeploymentPostprocessing = 0;
		};
/* End PBXFrameworksBuildPhase section */

/* Begin PBXGroup section */
		2A78A4641E42001400919093 = {
			isa = PBXGroup;
			children = (
				2A78A46F1E42001400919093 /* RNAdyenCSE */,
				2A78A46E1E42001400919093 /* Products */,
				B562927CE28F125DF4AFB89C /* Pods */,
				C00FA97EE3A6C4C2D7D5C638 /* Frameworks */,
			);
			sourceTree = "<group>";
		};
		2A78A46E1E42001400919093 /* Products */ = {
			isa = PBXGroup;
			children = (
				2A78A46D1E42001400919093 /* libRNAdyenCSE.a */,
			);
			name = Products;
			sourceTree = "<group>";
		};
		2A78A46F1E42001400919093 /* RNAdyenCSE */ = {
			isa = PBXGroup;
			children = (
				2A78A4701E42001400919093 /* RNAdyenCSE.h */,
				2A78A4711E42001400919093 /* RNAdyenCSE.m */,
			);
			path = RNAdyenCSE;
			sourceTree = "<group>";
		};
		B562927CE28F125DF4AFB89C /* Pods */ = {
			isa = PBXGroup;
			children = (
				67D4D0BE5B06E704C56F0762 /* Pods-RNAdyenCSE.debug.xcconfig */,
				D9D056E9FC2A08E9D52C86B1 /* Pods-RNAdyenCSE.release.xcconfig */,
			);
			name = Pods;
			sourceTree = "<group>";
		};
		C00FA97EE3A6C4C2D7D5C638 /* Frameworks */ = {
			isa = PBXGroup;
			children = (
				2A78A4791E4201C500919093 /* libAdyenCSE.a */,
				7BD21DC46E4824951A28B811 /* libPods-RNAdyenCSE.a */,
			);
			name = Frameworks;
			sourceTree = "<group>";
		};
/* End PBXGroup section */

/* Begin PBXNativeTarget section */
		2A78A46C1E42001400919093 /* RNAdyenCSE */ = {
			isa = PBXNativeTarget;
			buildConfigurationList = 2A78A4761E42001400919093 /* Build configuration list for PBXNativeTarget "RNAdyenCSE" */;
			buildPhases = (
				D41818C94DE8A949F8926CF8 /* [CP] Check Pods Manifest.lock */,
				2A78A4691E42001400919093 /* Sources */,
				2A78A46A1E42001400919093 /* Frameworks */,
				2A78A46B1E42001400919093 /* CopyFiles */,
				02DCA1ACA1C0B30D275BA929 /* [CP] Copy Pods Resources */,
			);
			buildRules = (
			);
			dependencies = (
			);
			name = RNAdyenCSE;
			productName = RNAdyenCSE;
			productReference = 2A78A46D1E42001400919093 /* libRNAdyenCSE.a */;
			productType = "com.apple.product-type.library.static";
		};
/* End PBXNativeTarget section */

/* Begin PBXProject section */
		2A78A4651E42001400919093 /* Project object */ = {
			isa = PBXProject;
			attributes = {
				LastUpgradeCheck = 0820;
				TargetAttributes = {
					2A78A46C1E42001400919093 = {
						CreatedOnToolsVersion = 8.2.1;
						ProvisioningStyle = Automatic;
					};
				};
			};
			buildConfigurationList = 2A78A4681E42001400919093 /* Build configuration list for PBXProject "RNAdyenCSE" */;
			compatibilityVersion = "Xcode 3.2";
			developmentRegion = English;
			hasScannedForEncodings = 0;
			knownRegions = (
				en,
			);
			mainGroup = 2A78A4641E42001400919093;
			productRefGroup = 2A78A46E1E42001400919093 /* Products */;
			projectDirPath = "";
			projectRoot = "";
			targets = (
				2A78A46C1E42001400919093 /* RNAdyenCSE */,
			);
		};
/* End PBXProject section */

/* Begin PBXShellScriptBuildPhase section */
		02DCA1ACA1C0B30D275BA929 /* [CP] Copy Pods Resources */ = {
			isa = PBXShellScriptBuildPhase;
			buildActionMask = 2147483647;
			files = (
			);
			inputPaths = (
			);
			name = "[CP] Copy Pods Resources";
			outputPaths = (
			);
			runOnlyForDeploymentPostprocessing = 0;
			shellPath = /bin/sh;
			shellScript = "\"${SRCROOT}/Pods/Target Support Files/Pods-RNAdyenCSE/Pods-RNAdyenCSE-resources.sh\"\n";
			showEnvVarsInLog = 0;
		};
		D41818C94DE8A949F8926CF8 /* [CP] Check Pods Manifest.lock */ = {
			isa = PBXShellScriptBuildPhase;
			buildActionMask = 2147483647;
			files = (
			);
			inputPaths = (
			);
			name = "[CP] Check Pods Manifest.lock";
			outputPaths = (
			);
			runOnlyForDeploymentPostprocessing = 0;
			shellPath = /bin/sh;
			shellScript = "diff \"${PODS_ROOT}/../Podfile.lock\" \"${PODS_ROOT}/Manifest.lock\" > /dev/null\nif [ $? != 0 ] ; then\n    # print error to STDERR\n    echo \"error: The sandbox is not in sync with the Podfile.lock. Run 'pod install' or update your CocoaPods installation.\" >&2\n    exit 1\nfi\n";
			showEnvVarsInLog = 0;
		};
/* End PBXShellScriptBuildPhase section */

/* Begin PBXSourcesBuildPhase section */
		2A78A4691E42001400919093 /* Sources */ = {
			isa = PBXSourcesBuildPhase;
			buildActionMask = 2147483647;
			files = (
				2A78A4721E42001400919093 /* RNAdyenCSE.m in Sources */,
			);
			runOnlyForDeploymentPostprocessing = 0;
		};
/* End PBXSourcesBuildPhase section */

/* Begin XCBuildConfiguration section */
		2A78A4741E42001400919093 /* Debug */ = {
			isa = XCBuildConfiguration;
			buildSettings = {
				ALWAYS_SEARCH_USER_PATHS = NO;
				CLANG_ANALYZER_NONNULL = YES;
				CLANG_CXX_LANGUAGE_STANDARD = "gnu++0x";
				CLANG_CXX_LIBRARY = "libc++";
				CLANG_ENABLE_MODULES = YES;
				CLANG_ENABLE_OBJC_ARC = YES;
				CLANG_WARN_BOOL_CONVERSION = YES;
				CLANG_WARN_CONSTANT_CONVERSION = YES;
				CLANG_WARN_DIRECT_OBJC_ISA_USAGE = YES_ERROR;
				CLANG_WARN_DOCUMENTATION_COMMENTS = YES;
				CLANG_WARN_EMPTY_BODY = YES;
				CLANG_WARN_ENUM_CONVERSION = YES;
				CLANG_WARN_INFINITE_RECURSION = YES;
				CLANG_WARN_INT_CONVERSION = YES;
				CLANG_WARN_OBJC_ROOT_CLASS = YES_ERROR;
				CLANG_WARN_SUSPICIOUS_MOVE = YES;
				CLANG_WARN_UNREACHABLE_CODE = YES;
				CLANG_WARN__DUPLICATE_METHOD_MATCH = YES;
				"CODE_SIGN_IDENTITY[sdk=iphoneos*]" = "iPhone Developer";
				COPY_PHASE_STRIP = NO;
				DEBUG_INFORMATION_FORMAT = dwarf;
				ENABLE_STRICT_OBJC_MSGSEND = YES;
				ENABLE_TESTABILITY = YES;
				GCC_C_LANGUAGE_STANDARD = gnu99;
				GCC_DYNAMIC_NO_PIC = NO;
				GCC_NO_COMMON_BLOCKS = YES;
				GCC_OPTIMIZATION_LEVEL = 0;
				GCC_PREPROCESSOR_DEFINITIONS = (
					"DEBUG=1",
					"$(inherited)",
				);
				GCC_WARN_64_TO_32_BIT_CONVERSION = YES;
				GCC_WARN_ABOUT_RETURN_TYPE = YES_ERROR;
				GCC_WARN_UNDECLARED_SELECTOR = YES;
				GCC_WARN_UNINITIALIZED_AUTOS = YES_AGGRESSIVE;
				GCC_WARN_UNUSED_FUNCTION = YES;
				GCC_WARN_UNUSED_VARIABLE = YES;
				IPHONEOS_DEPLOYMENT_TARGET = 10.2;
				MTL_ENABLE_DEBUG_INFO = YES;
				ONLY_ACTIVE_ARCH = YES;
				SDKROOT = iphoneos;
			};
			name = Debug;
		};
		2A78A4751E42001400919093 /* Release */ = {
			isa = XCBuildConfiguration;
			buildSettings = {
				ALWAYS_SEARCH_USER_PATHS = NO;
				CLANG_ANALYZER_NONNULL = YES;
				CLANG_CXX_LANGUAGE_STANDARD = "gnu++0x";
				CLANG_CXX_LIBRARY = "libc++";
				CLANG_ENABLE_MODULES = YES;
				CLANG_ENABLE_OBJC_ARC = YES;
				CLANG_WARN_BOOL_CONVERSION = YES;
				CLANG_WARN_CONSTANT_CONVERSION = YES;
				CLANG_WARN_DIRECT_OBJC_ISA_USAGE = YES_ERROR;
				CLANG_WARN_DOCUMENTATION_COMMENTS = YES;
				CLANG_WARN_EMPTY_BODY = YES;
				CLANG_WARN_ENUM_CONVERSION = YES;
				CLANG_WARN_INFINITE_RECURSION = YES;
				CLANG_WARN_INT_CONVERSION = YES;
				CLANG_WARN_OBJC_ROOT_CLASS = YES_ERROR;
				CLANG_WARN_SUSPICIOUS_MOVE = YES;
				CLANG_WARN_UNREACHABLE_CODE = YES;
				CLANG_WARN__DUPLICATE_METHOD_MATCH = YES;
				"CODE_SIGN_IDENTITY[sdk=iphoneos*]" = "iPhone Developer";
				COPY_PHASE_STRIP = NO;
				DEBUG_INFORMATION_FORMAT = "dwarf-with-dsym";
				ENABLE_NS_ASSERTIONS = NO;
				ENABLE_STRICT_OBJC_MSGSEND = YES;
				GCC_C_LANGUAGE_STANDARD = gnu99;
				GCC_NO_COMMON_BLOCKS = YES;
				GCC_WARN_64_TO_32_BIT_CONVERSION = YES;
				GCC_WARN_ABOUT_RETURN_TYPE = YES_ERROR;
				GCC_WARN_UNDECLARED_SELECTOR = YES;
				GCC_WARN_UNINITIALIZED_AUTOS = YES_AGGRESSIVE;
				GCC_WARN_UNUSED_FUNCTION = YES;
				GCC_WARN_UNUSED_VARIABLE = YES;
				IPHONEOS_DEPLOYMENT_TARGET = 10.2;
				MTL_ENABLE_DEBUG_INFO = NO;
				SDKROOT = iphoneos;
				VALIDATE_PRODUCT = YES;
			};
			name = Release;
		};
		2A78A4771E42001400919093 /* Debug */ = {
			isa = XCBuildConfiguration;
			baseConfigurationReference = 67D4D0BE5B06E704C56F0762 /* Pods-RNAdyenCSE.debug.xcconfig */;
			buildSettings = {
				OTHER_LDFLAGS = "-ObjC";
				PRODUCT_NAME = "$(TARGET_NAME)";
				SKIP_INSTALL = YES;
			};
			name = Debug;
		};
		2A78A4781E42001400919093 /* Release */ = {
			isa = XCBuildConfiguration;
			baseConfigurationReference = D9D056E9FC2A08E9D52C86B1 /* Pods-RNAdyenCSE.release.xcconfig */;
			buildSettings = {
				OTHER_LDFLAGS = "-ObjC";
				PRODUCT_NAME = "$(TARGET_NAME)";
				SKIP_INSTALL = YES;
			};
			name = Release;
		};
/* End XCBuildConfiguration section */

/* Begin XCConfigurationList section */
		2A78A4681E42001400919093 /* Build configuration list for PBXProject "RNAdyenCSE" */ = {
			isa = XCConfigurationList;
			buildConfigurations = (
				2A78A4741E42001400919093 /* Debug */,
				2A78A4751E42001400919093 /* Release */,
			);
			defaultConfigurationIsVisible = 0;
			defaultConfigurationName = Release;
		};
		2A78A4761E42001400919093 /* Build configuration list for PBXNativeTarget "RNAdyenCSE" */ = {
			isa = XCConfigurationList;
			buildConfigurations = (
				2A78A4771E42001400919093 /* Debug */,
				2A78A4781E42001400919093 /* Release */,
			);
			defaultConfigurationIsVisible = 0;
			defaultConfigurationName = Release;
		};
/* End XCConfigurationList section */
	};
	rootObject = 2A78A4651E42001400919093 /* Project object */;
}
